
Microsoft Visual Studio Solution File, Format Version 12.00
# Visual Studio 15
VisualStudioVersion = 15.0.28307.1800
MinimumVisualStudioVersion = 10.0.40219.1
Project("{FAE04EC0-301F-11D3-BF4B-00C04F79EFBC}") = "ejercicio_myApiWeb", "ejercicio_myApiWeb\ejercicio_myApiWeb.csproj", "{2EC761DF-98C0-449E-869F-208AD0047E2D}"
EndProject
Global
	GlobalSection(SolutionConfigurationPlatforms) = preSolution
		Debug|Any CPU = Debug|Any CPU
		Release|Any CPU = Release|Any CPU
	EndGlobalSection
	GlobalSection(ProjectConfigurationPlatforms) = postSolution
		{2EC761DF-98C0-449E-869F-208AD0047E2D}.Debug|Any CPU.ActiveCfg = Debug|Any CPU
		{2EC761DF-98C0-449E-869F-208AD0047E2D}.Debug|Any CPU.Build.0 = Debug|Any CPU
		{2EC761DF-98C0-449E-869F-208AD0047E2D}.Release|Any CPU.ActiveCfg = Release|Any CPU
		{2EC761DF-98C0-449E-869F-208AD0047E2D}.Release|Any CPU.Build.0 = Release|Any CPU
	EndGlobalSection
	GlobalSection(SolutionProperties) = preSolution
		HideSolutionNode = FALSE
	EndGlobalSection
	GlobalSection(ExtensibilityGlobals) = postSolution
		SolutionGuid = {834DDCC1-CCB6-42BB-88DC-3EC416E2B332}
	EndGlobalSection
EndGlobal
